// !$*UTF8*$!
{
	archiveVersion = 1;
	classes = {
	};
	objectVersion = 56;
	objects = {

/* Begin PBXBuildFile section */
		BD6CD2922A727BDC00861BFF /* testprojectApp.swift in Sources */ = {isa = PBXBuildFile; fileRef = BD6CD2912A727BDC00861BFF /* testprojectApp.swift */; };
		BD6CD2942A727BDC00861BFF /* ContentView.swift in Sources */ = {isa = PBXBuildFile; fileRef = BD6CD2932A727BDC00861BFF /* ContentView.swift */; };
		BD6CD2962A727BE400861BFF /* Assets.xcassets in Resources */ = {isa = PBXBuildFile; fileRef = BD6CD2952A727BE400861BFF /* Assets.xcassets */; };
		BD6CD2992A727BE400861BFF /* Preview Assets.xcassets in Resources */ = {isa = PBXBuildFile; fileRef = BD6CD2982A727BE400861BFF /* Preview Assets.xcassets */; };
		BD6CD2A32A727BE500861BFF /* testprojectTests.swift in Sources */ = {isa = PBXBuildFile; fileRef = BD6CD2A22A727BE500861BFF /* testprojectTests.swift */; };
		BD6CD2AD2A727BE500861BFF /* testprojectUITests.swift in Sources */ = {isa = PBXBuildFile; fileRef = BD6CD2AC2A727BE500861BFF /* testprojectUITests.swift */; };
		BD6CD2AF2A727BE500861BFF /* testprojectUITestsLaunchTests.swift in Sources */ = {isa = PBXBuildFile; fileRef = BD6CD2AE2A727BE500861BFF /* testprojectUITestsLaunchTests.swift */; };
/* End PBXBuildFile section */

/* Begin PBXContainerItemProxy section */
		BD6CD29F2A727BE500861BFF /* PBXContainerItemProxy */ = {
			isa = PBXContainerItemProxy;
			containerPortal = BD6CD2862A727BDC00861BFF /* Project object */;
			proxyType = 1;
			remoteGlobalIDString = BD6CD28D2A727BDC00861BFF;
			remoteInfo = testproject;
		};
		BD6CD2A92A727BE500861BFF /* PBXContainerItemProxy */ = {
			isa = PBXContainerItemProxy;
			containerPortal = BD6CD2862A727BDC00861BFF /* Project object */;
			proxyType = 1;
			remoteGlobalIDString = BD6CD28D2A727BDC00861BFF;
			remoteInfo = testproject;
		};
/* End PBXContainerItemProxy section */

/* Begin PBXFileReference section */
		BD6CD28E2A727BDC00861BFF /* testproject.app */ = {isa = PBXFileReference; explicitFileType = wrapper.application; includeInIndex = 0; path = testproject.app; sourceTree = BUILT_PRODUCTS_DIR; };
		BD6CD2912A727BDC00861BFF /* testprojectApp.swift */ = {isa = PBXFileReference; lastKnownFileType = sourcecode.swift; path = testprojectApp.swift; sourceTree = "<group>"; };
		BD6CD2932A727BDC00861BFF /* ContentView.swift */ = {isa = PBXFileReference; lastKnownFileType = sourcecode.swift; path = ContentView.swift; sourceTree = "<group>"; };
		BD6CD2952A727BE400861BFF /* Assets.xcassets */ = {isa = PBXFileReference; lastKnownFileType = folder.assetcatalog; path = Assets.xcassets; sourceTree = "<group>"; };
		BD6CD2982A727BE400861BFF /* Preview Assets.xcassets */ = {isa = PBXFileReference; lastKnownFileType = folder.assetcatalog; path = "Preview Assets.xcassets"; sourceTree = "<group>"; };
		BD6CD29E2A727BE500861BFF /* testprojectTests.xctest */ = {isa = PBXFileReference; explicitFileType = wrapper.cfbundle; includeInIndex = 0; path = testprojectTests.xctest; sourceTree = BUILT_PRODUCTS_DIR; };
		BD6CD2A22A727BE500861BFF /* testprojectTests.swift */ = {isa = PBXFileReference; lastKnownFileType = sourcecode.swift; path = testprojectTests.swift; sourceTree = "<group>"; };
		BD6CD2A82A727BE500861BFF /* testprojectUITests.xctest */ = {isa = PBXFileReference; explicitFileType = wrapper.cfbundle; includeInIndex = 0; path = testprojectUITests.xctest; sourceTree = BUILT_PRODUCTS_DIR; };
		BD6CD2AC2A727BE500861BFF /* testprojectUITests.swift */ = {isa = PBXFileReference; lastKnownFileType = sourcecode.swift; path = testprojectUITests.swift; sourceTree = "<group>"; };
		BD6CD2AE2A727BE500861BFF /* testprojectUITestsLaunchTests.swift */ = {isa = PBXFileReference; lastKnownFileType = sourcecode.swift; path = testprojectUITestsLaunchTests.swift; sourceTree = "<group>"; };
/* End PBXFileReference section */

/* Begin PBXFrameworksBuildPhase section */
		BD6CD28B2A727BDC00861BFF /* Frameworks */ = {
			isa = PBXFrameworksBuildPhase;
			buildActionMask = 2147483647;
			files = (
			);
			runOnlyForDeploymentPostprocessing = 0;
		};
		BD6CD29B2A727BE500861BFF /* Frameworks */ = {
			isa = PBXFrameworksBuildPhase;
			buildActionMask = 2147483647;
			files = (
			);
			runOnlyForDeploymentPostprocessing = 0;
		};
		BD6CD2A52A727BE500861BFF /* Frameworks */ = {
			isa = PBXFrameworksBuildPhase;
			buildActionMask = 2147483647;
			files = (
			);
			runOnlyForDeploymentPostprocessing = 0;
		};
/* End PBXFrameworksBuildPhase section */

/* Begin PBXGroup section */
		BD6CD2852A727BDC00861BFF = {
			isa = PBXGroup;
			children = (
				BD6CD2902A727BDC00861BFF /* testproject */,
				BD6CD2A12A727BE500861BFF /* testprojectTests */,
				BD6CD2AB2A727BE500861BFF /* testprojectUITests */,
				BD6CD28F2A727BDC00861BFF /* Products */,
			);
			sourceTree = "<group>";
		};
		BD6CD28F2A727BDC00861BFF /* Products */ = {
			isa = PBXGroup;
			children = (
				BD6CD28E2A727BDC00861BFF /* testproject.app */,
				BD6CD29E2A727BE500861BFF /* testprojectTests.xctest */,
				BD6CD2A82A727BE500861BFF /* testprojectUITests.xctest */,
			);
			name = Products;
			sourceTree = "<group>";
		};
		BD6CD2902A727BDC00861BFF /* testproject */ = {
			isa = PBXGroup;
			children = (
				BD6CD2912A727BDC00861BFF /* testprojectApp.swift */,
				BD6CD2932A727BDC00861BFF /* ContentView.swift */,
				BD6CD2952A727BE400861BFF /* Assets.xcassets */,
				BD6CD2972A727BE400861BFF /* Preview Content */,
			);
			path = testproject;
			sourceTree = "<group>";
		};
		BD6CD2972A727BE400861BFF /* Preview Content */ = {
			isa = PBXGroup;
			children = (
				BD6CD2982A727BE400861BFF /* Preview Assets.xcassets */,
			);
			path = "Preview Content";
			sourceTree = "<group>";
		};
		BD6CD2A12A727BE500861BFF /* testprojectTests */ = {
			isa = PBXGroup;
			children = (
				BD6CD2A22A727BE500861BFF /* testprojectTests.swift */,
			);
			path = testprojectTests;
			sourceTree = "<group>";
		};
		BD6CD2AB2A727BE500861BFF /* testprojectUITests */ = {
			isa = PBXGroup;
			children = (
				BD6CD2AC2A727BE500861BFF /* testprojectUITests.swift */,
				BD6CD2AE2A727BE500861BFF /* testprojectUITestsLaunchTests.swift */,
			);
			path = testprojectUITests;
			sourceTree = "<group>";
		};
/* End PBXGroup section */

/* Begin PBXNativeTarget section */
		BD6CD28D2A727BDC00861BFF /* testproject */ = {
			isa = PBXNativeTarget;
			buildConfigurationList = BD6CD2B22A727BE500861BFF /* Build configuration list for PBXNativeTarget "testproject" */;
			buildPhases = (
				BD6CD28A2A727BDC00861BFF /* Sources */,
				BD6CD28B2A727BDC00861BFF /* Frameworks */,
				BD6CD28C2A727BDC00861BFF /* Resources */,
			);
			buildRules = (
			);
			dependencies = (
			);
			name = testproject;
			productName = testproject;
			productReference = BD6CD28E2A727BDC00861BFF /* testproject.app */;
			productType = "com.apple.product-type.application";
		};
		BD6CD29D2A727BE500861BFF /* testprojectTests */ = {
			isa = PBXNativeTarget;
			buildConfigurationList = BD6CD2B52A727BE500861BFF /* Build configuration list for PBXNativeTarget "testprojectTests" */;
			buildPhases = (
				BD6CD29A2A727BE500861BFF /* Sources */,
				BD6CD29B2A727BE500861BFF /* Frameworks */,
				BD6CD29C2A727BE500861BFF /* Resources */,
			);
			buildRules = (
			);
			dependencies = (
				BD6CD2A02A727BE500861BFF /* PBXTargetDependency */,
			);
			name = testprojectTests;
			productName = testprojectTests;
			productReference = BD6CD29E2A727BE500861BFF /* testprojectTests.xctest */;
			productType = "com.apple.product-type.bundle.unit-test";
		};
		BD6CD2A72A727BE500861BFF /* testprojectUITests */ = {
			isa = PBXNativeTarget;
			buildConfigurationList = BD6CD2B82A727BE500861BFF /* Build configuration list for PBXNativeTarget "testprojectUITests" */;
			buildPhases = (
				BD6CD2A42A727BE500861BFF /* Sources */,
				BD6CD2A52A727BE500861BFF /* Frameworks */,
				BD6CD2A62A727BE500861BFF /* Resources */,
			);
			buildRules = (
			);
			dependencies = (
				BD6CD2AA2A727BE500861BFF /* PBXTargetDependency */,
			);
			name = testprojectUITests;
			productName = testprojectUITests;
			productReference = BD6CD2A82A727BE500861BFF /* testprojectUITests.xctest */;
			productType = "com.apple.product-type.bundle.ui-testing";
		};
/* End PBXNativeTarget section */

/* Begin PBXProject section */
		BD6CD2862A727BDC00861BFF /* Project object */ = {
			isa = PBXProject;
			attributes = {
				BuildIndependentTargetsInParallel = 1;
				LastSwiftUpdateCheck = 1430;
				LastUpgradeCheck = 1430;
				TargetAttributes = {
					BD6CD28D2A727BDC00861BFF = {
						CreatedOnToolsVersion = 14.3.1;
					};
					BD6CD29D2A727BE500861BFF = {
						CreatedOnToolsVersion = 14.3.1;
						TestTargetID = BD6CD28D2A727BDC00861BFF;
					};
					BD6CD2A72A727BE500861BFF = {
						CreatedOnToolsVersion = 14.3.1;
						TestTargetID = BD6CD28D2A727BDC00861BFF;
					};
				};
			};
			buildConfigurationList = BD6CD2892A727BDC00861BFF /* Build configuration list for PBXProject "testproject" */;
			compatibilityVersion = "Xcode 14.0";
			developmentRegion = en;
			hasScannedForEncodings = 0;
			knownRegions = (
				en,
				Base,
			);
			mainGroup = BD6CD2852A727BDC00861BFF;
			productRefGroup = BD6CD28F2A727BDC00861BFF /* Products */;
			projectDirPath = "";
			projectRoot = "";
			targets = (
				BD6CD28D2A727BDC00861BFF /* testproject */,
				BD6CD29D2A727BE500861BFF /* testprojectTests */,
				BD6CD2A72A727BE500861BFF /* testprojectUITests */,
			);
		};
/* End PBXProject section */

/* Begin PBXResourcesBuildPhase section */
		BD6CD28C2A727BDC00861BFF /* Resources */ = {
			isa = PBXResourcesBuildPhase;
			buildActionMask = 2147483647;
			files = (
				BD6CD2992A727BE400861BFF /* Preview Assets.xcassets in Resources */,
				BD6CD2962A727BE400861BFF /* Assets.xcassets in Resources */,
			);
			runOnlyForDeploymentPostprocessing = 0;
		};
		BD6CD29C2A727BE500861BFF /* Resources */ = {
			isa = PBXResourcesBuildPhase;
			buildActionMask = 2147483647;
			files = (
			);
			runOnlyForDeploymentPostprocessing = 0;
		};
		BD6CD2A62A727BE500861BFF /* Resources */ = {
			isa = PBXResourcesBuildPhase;
			buildActionMask = 2147483647;
			files = (
			);
			runOnlyForDeploymentPostprocessing = 0;
		};
/* End PBXResourcesBuildPhase section */

/* Begin PBXSourcesBuildPhase section */
		BD6CD28A2A727BDC00861BFF /* Sources */ = {
			isa = PBXSourcesBuildPhase;
			buildActionMask = 2147483647;
			files = (
				BD6CD2942A727BDC00861BFF /* ContentView.swift in Sources */,
				BD6CD2922A727BDC00861BFF /* testprojectApp.swift in Sources */,
			);
			runOnlyForDeploymentPostprocessing = 0;
		};
		BD6CD29A2A727BE500861BFF /* Sources */ = {
			isa = PBXSourcesBuildPhase;
			buildActionMask = 2147483647;
			files = (
				BD6CD2A32A727BE500861BFF /* testprojectTests.swift in Sources */,
			);
			runOnlyForDeploymentPostprocessing = 0;
		};
		BD6CD2A42A727BE500861BFF /* Sources */ = {
			isa = PBXSourcesBuildPhase;
			buildActionMask = 2147483647;
			files = (
				BD6CD2AF2A727BE500861BFF /* testprojectUITestsLaunchTests.swift in Sources */,
				BD6CD2AD2A727BE500861BFF /* testprojectUITests.swift in Sources */,
			);
			runOnlyForDeploymentPostprocessing = 0;
		};
/* End PBXSourcesBuildPhase section */

/* Begin PBXTargetDependency section */
		BD6CD2A02A727BE500861BFF /* PBXTargetDependency */ = {
			isa = PBXTargetDependency;
			target = BD6CD28D2A727BDC00861BFF /* testproject */;
			targetProxy = BD6CD29F2A727BE500861BFF /* PBXContainerItemProxy */;
		};
		BD6CD2AA2A727BE500861BFF /* PBXTargetDependency */ = {
			isa = PBXTargetDependency;
			target = BD6CD28D2A727BDC00861BFF /* testproject */;
			targetProxy = BD6CD2A92A727BE500861BFF /* PBXContainerItemProxy */;
		};
/* End PBXTargetDependency section */

/* Begin XCBuildConfiguration section */
		BD6CD2B02A727BE500861BFF /* Debug */ = {
			isa = XCBuildConfiguration;
			buildSettings = {
				ALWAYS_SEARCH_USER_PATHS = NO;
				CLANG_ANALYZER_NONNULL = YES;
				CLANG_ANALYZER_NUMBER_OBJECT_CONVERSION = YES_AGGRESSIVE;
				CLANG_CXX_LANGUAGE_STANDARD = "gnu++20";
				CLANG_ENABLE_MODULES = YES;
				CLANG_ENABLE_OBJC_ARC = YES;
				CLANG_ENABLE_OBJC_WEAK = YES;
				CLANG_WARN_BLOCK_CAPTURE_AUTORELEASING = YES;
				CLANG_WARN_BOOL_CONVERSION = YES;
				CLANG_WARN_COMMA = YES;
				CLANG_WARN_CONSTANT_CONVERSION = YES;
				CLANG_WARN_DEPRECATED_OBJC_IMPLEMENTATIONS = YES;
				CLANG_WARN_DIRECT_OBJC_ISA_USAGE = YES_ERROR;
				CLANG_WARN_DOCUMENTATION_COMMENTS = YES;
				CLANG_WARN_EMPTY_BODY = YES;
				CLANG_WARN_ENUM_CONVERSION = YES;
				CLANG_WARN_INFINITE_RECURSION = YES;
				CLANG_WARN_INT_CONVERSION = YES;
				CLANG_WARN_NON_LITERAL_NULL_CONVERSION = YES;
				CLANG_WARN_OBJC_IMPLICIT_RETAIN_SELF = YES;
				CLANG_WARN_OBJC_LITERAL_CONVERSION = YES;
				CLANG_WARN_OBJC_ROOT_CLASS = YES_ERROR;
				CLANG_WARN_QUOTED_INCLUDE_IN_FRAMEWORK_HEADER = YES;
				CLANG_WARN_RANGE_LOOP_ANALYSIS = YES;
				CLANG_WARN_STRICT_PROTOTYPES = YES;
				CLANG_WARN_SUSPICIOUS_MOVE = YES;
				CLANG_WARN_UNGUARDED_AVAILABILITY = YES_AGGRESSIVE;
				CLANG_WARN_UNREACHABLE_CODE = YES;
				CLANG_WARN__DUPLICATE_METHOD_MATCH = YES;
				COPY_PHASE_STRIP = NO;
				DEBUG_INFORMATION_FORMAT = dwarf;
				ENABLE_STRICT_OBJC_MSGSEND = YES;
				ENABLE_TESTABILITY = YES;
				GCC_C_LANGUAGE_STANDARD = gnu11;
				GCC_DYNAMIC_NO_PIC = NO;
				GCC_NO_COMMON_BLOCKS = YES;
				GCC_OPTIMIZATION_LEVEL = 0;
				GCC_PREPROCESSOR_DEFINITIONS = (
					"DEBUG=1",
					"$(inherited)",
				);
				GCC_WARN_64_TO_32_BIT_CONVERSION = YES;
				GCC_WARN_ABOUT_RETURN_TYPE = YES_ERROR;
				GCC_WARN_UNDECLARED_SELECTOR = YES;
				GCC_WARN_UNINITIALIZED_AUTOS = YES_AGGRESSIVE;
				GCC_WARN_UNUSED_FUNCTION = YES;
				GCC_WARN_UNUSED_VARIABLE = YES;
				IPHONEOS_DEPLOYMENT_TARGET = 16.4;
				MTL_ENABLE_DEBUG_INFO = INCLUDE_SOURCE;
				MTL_FAST_MATH = YES;
				ONLY_ACTIVE_ARCH = YES;
				SDKROOT = iphoneos;
				SWIFT_ACTIVE_COMPILATION_CONDITIONS = DEBUG;
				SWIFT_OPTIMIZATION_LEVEL = "-Onone";
			};
			name = Debug;
		};
		BD6CD2B12A727BE500861BFF /* Release */ = {
			isa = XCBuildConfiguration;
			buildSettings = {
				ALWAYS_SEARCH_USER_PATHS = NO;
				CLANG_ANALYZER_NONNULL = YES;
				CLANG_ANALYZER_NUMBER_OBJECT_CONVERSION = YES_AGGRESSIVE;
				CLANG_CXX_LANGUAGE_STANDARD = "gnu++20";
				CLANG_ENABLE_MODULES = YES;
				CLANG_ENABLE_OBJC_ARC = YES;
				CLANG_ENABLE_OBJC_WEAK = YES;
				CLANG_WARN_BLOCK_CAPTURE_AUTORELEASING = YES;
				CLANG_WARN_BOOL_CONVERSION = YES;
				CLANG_WARN_COMMA = YES;
				CLANG_WARN_CONSTANT_CONVERSION = YES;
				CLANG_WARN_DEPRECATED_OBJC_IMPLEMENTATIONS = YES;
				CLANG_WARN_DIRECT_OBJC_ISA_USAGE = YES_ERROR;
				CLANG_WARN_DOCUMENTATION_COMMENTS = YES;
				CLANG_WARN_EMPTY_BODY = YES;
				CLANG_WARN_ENUM_CONVERSION = YES;
				CLANG_WARN_INFINITE_RECURSION = YES;
				CLANG_WARN_INT_CONVERSION = YES;
				CLANG_WARN_NON_LITERAL_NULL_CONVERSION = YES;
				CLANG_WARN_OBJC_IMPLICIT_RETAIN_SELF = YES;
				CLANG_WARN_OBJC_LITERAL_CONVERSION = YES;
				CLANG_WARN_OBJC_ROOT_CLASS = YES_ERROR;
				CLANG_WARN_QUOTED_INCLUDE_IN_FRAMEWORK_HEADER = YES;
				CLANG_WARN_RANGE_LOOP_ANALYSIS = YES;
				CLANG_WARN_STRICT_PROTOTYPES = YES;
				CLANG_WARN_SUSPICIOUS_MOVE = YES;
				CLANG_WARN_UNGUARDED_AVAILABILITY = YES_AGGRESSIVE;
				CLANG_WARN_UNREACHABLE_CODE = YES;
				CLANG_WARN__DUPLICATE_METHOD_MATCH = YES;
				COPY_PHASE_STRIP = NO;
				DEBUG_INFORMATION_FORMAT = "dwarf-with-dsym";
				ENABLE_NS_ASSERTIONS = NO;
				ENABLE_STRICT_OBJC_MSGSEND = YES;
				GCC_C_LANGUAGE_STANDARD = gnu11;
				GCC_NO_COMMON_BLOCKS = YES;
				GCC_WARN_64_TO_32_BIT_CONVERSION = YES;
				GCC_WARN_ABOUT_RETURN_TYPE = YES_ERROR;
				GCC_WARN_UNDECLARED_SELECTOR = YES;
				GCC_WARN_UNINITIALIZED_AUTOS = YES_AGGRESSIVE;
				GCC_WARN_UNUSED_FUNCTION = YES;
				GCC_WARN_UNUSED_VARIABLE = YES;
				IPHONEOS_DEPLOYMENT_TARGET = 16.4;
				MTL_ENABLE_DEBUG_INFO = NO;
				MTL_FAST_MATH = YES;
				SDKROOT = iphoneos;
				SWIFT_COMPILATION_MODE = wholemodule;
				SWIFT_OPTIMIZATION_LEVEL = "-O";
				VALIDATE_PRODUCT = YES;
			};
			name = Release;
		};
		BD6CD2B32A727BE500861BFF /* Debug */ = {
			isa = XCBuildConfiguration;
			buildSettings = {
				ASSETCATALOG_COMPILER_APPICON_NAME = AppIcon;
				ASSETCATALOG_COMPILER_GLOBAL_ACCENT_COLOR_NAME = AccentColor;
				CODE_SIGN_STYLE = Automatic;
				CURRENT_PROJECT_VERSION = 1;
				DEVELOPMENT_ASSET_PATHS = "\"testproject/Preview Content\"";
				ENABLE_PREVIEWS = YES;
				GENERATE_INFOPLIST_FILE = YES;
				INFOPLIST_KEY_UIApplicationSceneManifest_Generation = YES;
				INFOPLIST_KEY_UIApplicationSupportsIndirectInputEvents = YES;
				INFOPLIST_KEY_UILaunchScreen_Generation = YES;
				INFOPLIST_KEY_UISupportedInterfaceOrientations_iPad = "UIInterfaceOrientationPortrait UIInterfaceOrientationPortraitUpsideDown UIInterfaceOrientationLandscapeLeft UIInterfaceOrientationLandscapeRight";
				INFOPLIST_KEY_UISupportedInterfaceOrientations_iPhone = "UIInterfaceOrientationPortrait UIInterfaceOrientationLandscapeLeft UIInterfaceOrientationLandscapeRight";
				LD_RUNPATH_SEARCH_PATHS = (
					"$(inherited)",
					"@executable_path/Frameworks",
				);
				MARKETING_VERSION = 1.0;
				PRODUCT_BUNDLE_IDENTIFIER = KWK.testproject;
				PRODUCT_NAME = "$(TARGET_NAME)";
				SWIFT_EMIT_LOC_STRINGS = YES;
				SWIFT_VERSION = 5.0;
				TARGETED_DEVICE_FAMILY = "1,2";
			};
			name = Debug;
		};
		BD6CD2B42A727BE500861BFF /* Release */ = {
			isa = XCBuildConfiguration;
			buildSettings = {
				ASSETCATALOG_COMPILER_APPICON_NAME = AppIcon;
				ASSETCATALOG_COMPILER_GLOBAL_ACCENT_COLOR_NAME = AccentColor;
				CODE_SIGN_STYLE = Automatic;
				CURRENT_PROJECT_VERSION = 1;
				DEVELOPMENT_ASSET_PATHS = "\"testproject/Preview Content\"";
				ENABLE_PREVIEWS = YES;
				GENERATE_INFOPLIST_FILE = YES;
				INFOPLIST_KEY_UIApplicationSceneManifest_Generation = YES;
				INFOPLIST_KEY_UIApplicationSupportsIndirectInputEvents = YES;
				INFOPLIST_KEY_UILaunchScreen_Generation = YES;
				INFOPLIST_KEY_UISupportedInterfaceOrientations_iPad = "UIInterfaceOrientationPortrait UIInterfaceOrientationPortraitUpsideDown UIInterfaceOrientationLandscapeLeft UIInterfaceOrientationLandscapeRight";
				INFOPLIST_KEY_UISupportedInterfaceOrientations_iPhone = "UIInterfaceOrientationPortrait UIInterfaceOrientationLandscapeLeft UIInterfaceOrientationLandscapeRight";
				LD_RUNPATH_SEARCH_PATHS = (
					"$(inherited)",
					"@executable_path/Frameworks",
				);
				MARKETING_VERSION = 1.0;
				PRODUCT_BUNDLE_IDENTIFIER = KWK.testproject;
				PRODUCT_NAME = "$(TARGET_NAME)";
				SWIFT_EMIT_LOC_STRINGS = YES;
				SWIFT_VERSION = 5.0;
				TARGETED_DEVICE_FAMILY = "1,2";
			};
			name = Release;
		};
		BD6CD2B62A727BE500861BFF /* Debug */ = {
			isa = XCBuildConfiguration;
			buildSettings = {
				ALWAYS_EMBED_SWIFT_STANDARD_LIBRARIES = YES;
				BUNDLE_LOADER = "$(TEST_HOST)";
				CODE_SIGN_STYLE = Automatic;
				CURRENT_PROJECT_VERSION = 1;
				GENERATE_INFOPLIST_FILE = YES;
				IPHONEOS_DEPLOYMENT_TARGET = 16.4;
				MARKETING_VERSION = 1.0;
				PRODUCT_BUNDLE_IDENTIFIER = KWK.testprojectTests;
				PRODUCT_NAME = "$(TARGET_NAME)";
				SWIFT_EMIT_LOC_STRINGS = NO;
				SWIFT_VERSION = 5.0;
				TARGETED_DEVICE_FAMILY = "1,2";
				TEST_HOST = "$(BUILT_PRODUCTS_DIR)/testproject.app/$(BUNDLE_EXECUTABLE_FOLDER_PATH)/testproject";
			};
			name = Debug;
		};
		BD6CD2B72A727BE500861BFF /* Release */ = {
			isa = XCBuildConfiguration;
			buildSettings = {
				ALWAYS_EMBED_SWIFT_STANDARD_LIBRARIES = YES;
				BUNDLE_LOADER = "$(TEST_HOST)";
				CODE_SIGN_STYLE = Automatic;
				CURRENT_PROJECT_VERSION = 1;
				GENERATE_INFOPLIST_FILE = YES;
				IPHONEOS_DEPLOYMENT_TARGET = 16.4;
				MARKETING_VERSION = 1.0;
				PRODUCT_BUNDLE_IDENTIFIER = KWK.testprojectTests;
				PRODUCT_NAME = "$(TARGET_NAME)";
				SWIFT_EMIT_LOC_STRINGS = NO;
				SWIFT_VERSION = 5.0;
				TARGETED_DEVICE_FAMILY = "1,2";
				TEST_HOST = "$(BUILT_PRODUCTS_DIR)/testproject.app/$(BUNDLE_EXECUTABLE_FOLDER_PATH)/testproject";
			};
			name = Release;
		};
		BD6CD2B92A727BE500861BFF /* Debug */ = {
			isa = XCBuildConfiguration;
			buildSettings = {
				ALWAYS_EMBED_SWIFT_STANDARD_LIBRARIES = YES;
				CODE_SIGN_STYLE = Automatic;
				CURRENT_PROJECT_VERSION = 1;
				GENERATE_INFOPLIST_FILE = YES;
				MARKETING_VERSION = 1.0;
				PRODUCT_BUNDLE_IDENTIFIER = KWK.testprojectUITests;
				PRODUCT_NAME = "$(TARGET_NAME)";
				SWIFT_EMIT_LOC_STRINGS = NO;
				SWIFT_VERSION = 5.0;
				TARGETED_DEVICE_FAMILY = "1,2";
				TEST_TARGET_NAME = testproject;
			};
			name = Debug;
		};
		BD6CD2BA2A727BE500861BFF /* Release */ = {
			isa = XCBuildConfiguration;
			buildSettings = {
				ALWAYS_EMBED_SWIFT_STANDARD_LIBRARIES = YES;
				CODE_SIGN_STYLE = Automatic;
				CURRENT_PROJECT_VERSION = 1;
				GENERATE_INFOPLIST_FILE = YES;
				MARKETING_VERSION = 1.0;
				PRODUCT_BUNDLE_IDENTIFIER = KWK.testprojectUITests;
				PRODUCT_NAME = "$(TARGET_NAME)";
				SWIFT_EMIT_LOC_STRINGS = NO;
				SWIFT_VERSION = 5.0;
				TARGETED_DEVICE_FAMILY = "1,2";
				TEST_TARGET_NAME = testproject;
			};
			name = Release;
		};
/* End XCBuildConfiguration section */

/* Begin XCConfigurationList section */
		BD6CD2892A727BDC00861BFF /* Build configuration list for PBXProject "testproject" */ = {
			isa = XCConfigurationList;
			buildConfigurations = (
				BD6CD2B02A727BE500861BFF /* Debug */,
				BD6CD2B12A727BE500861BFF /* Release */,
			);
			defaultConfigurationIsVisible = 0;
			defaultConfigurationName = Release;
		};
		BD6CD2B22A727BE500861BFF /* Build configuration list for PBXNativeTarget "testproject" */ = {
			isa = XCConfigurationList;
			buildConfigurations = (
				BD6CD2B32A727BE500861BFF /* Debug */,
				BD6CD2B42A727BE500861BFF /* Release */,
			);
			defaultConfigurationIsVisible = 0;
			defaultConfigurationName = Release;
		};
		BD6CD2B52A727BE500861BFF /* Build configuration list for PBXNativeTarget "testprojectTests" */ = {
			isa = XCConfigurationList;
			buildConfigurations = (
				BD6CD2B62A727BE500861BFF /* Debug */,
				BD6CD2B72A727BE500861BFF /* Release */,
			);
			defaultConfigurationIsVisible = 0;
			defaultConfigurationName = Release;
		};
		BD6CD2B82A727BE500861BFF /* Build configuration list for PBXNativeTarget "testprojectUITests" */ = {
			isa = XCConfigurationList;
			buildConfigurations = (
				BD6CD2B92A727BE500861BFF /* Debug */,
				BD6CD2BA2A727BE500861BFF /* Release */,
			);
			defaultConfigurationIsVisible = 0;
			defaultConfigurationName = Release;
		};
/* End XCConfigurationList section */
	};
	rootObject = BD6CD2862A727BDC00861BFF /* Project object */;
}
